
Microsoft Visual Studio Solution File, Format Version 12.00
# Visual Studio Version 17
VisualStudioVersion = 17.13.35931.197 d17.13
MinimumVisualStudioVersion = 10.0.40219.1
Project("{FAE04EC0-301F-11D3-BF4B-00C04F79EFBC}") = "Server", "Server\Server.csproj", "{03F4C62C-FB65-4474-B410-D9C1CDC154A3}"
EndProject
Project("{FAE04EC0-301F-11D3-BF4B-00C04F79EFBC}") = "Client", "Client\Client.csproj", "{C701EB27-465E-4A11-8B9C-88AF60947712}"
EndProject
Global
	GlobalSection(SolutionConfigurationPlatforms) = preSolution
		Debug|Any CPU = Debug|Any CPU
		Release|Any CPU = Release|Any CPU
	EndGlobalSection
	GlobalSection(ProjectConfigurationPlatforms) = postSolution
		{03F4C62C-FB65-4474-B410-D9C1CDC154A3}.Debug|Any CPU.ActiveCfg = Debug|Any CPU
		{03F4C62C-FB65-4474-B410-D9C1CDC154A3}.Debug|Any CPU.Build.0 = Debug|Any CPU
		{03F4C62C-FB65-4474-B410-D9C1CDC154A3}.Release|Any CPU.ActiveCfg = Release|Any CPU
		{03F4C62C-FB65-4474-B410-D9C1CDC154A3}.Release|Any CPU.Build.0 = Release|Any CPU
		{C701EB27-465E-4A11-8B9C-88AF60947712}.Debug|Any CPU.ActiveCfg = Debug|Any CPU
		{C701EB27-465E-4A11-8B9C-88AF60947712}.Debug|Any CPU.Build.0 = Debug|Any CPU
		{C701EB27-465E-4A11-8B9C-88AF60947712}.Release|Any CPU.ActiveCfg = Release|Any CPU
		{C701EB27-465E-4A11-8B9C-88AF60947712}.Release|Any CPU.Build.0 = Release|Any CPU
	EndGlobalSection
	GlobalSection(SolutionProperties) = preSolution
		HideSolutionNode = FALSE
	EndGlobalSection
	GlobalSection(ExtensibilityGlobals) = postSolution
		SolutionGuid = {3F9519EE-5B60-47F7-A36A-2961ED19690F}
	EndGlobalSection
EndGlobal
